
Microsoft Visual Studio Solution File, Format Version 12.00
# Visual Studio Version 16
VisualStudioVersion = 16.0.30114.105
MinimumVisualStudioVersion = 10.0.40219.1
Project("{8BC9CEB8-8B4A-11D0-8D11-00A0C91BC942}") = "Gobang", "Gobang\Gobang.vcxproj", "{995117AE-6DFE-432F-A977-9FA4395D8471}"
EndProject
Global
	GlobalSection(SolutionConfigurationPlatforms) = preSolution
		Debug|x64 = Debug|x64
		Debug|x86 = Debug|x86
		Release|x64 = Release|x64
		Release|x86 = Release|x86
	EndGlobalSection
	GlobalSection(ProjectConfigurationPlatforms) = postSolution
		{995117AE-6DFE-432F-A977-9FA4395D8471}.Debug|x64.ActiveCfg = Debug|x64
		{995117AE-6DFE-432F-A977-9FA4395D8471}.Debug|x64.Build.0 = Debug|x64
		{995117AE-6DFE-432F-A977-9FA4395D8471}.Debug|x86.ActiveCfg = Debug|Win32
		{995117AE-6DFE-432F-A977-9FA4395D8471}.Debug|x86.Build.0 = Debug|Win32
		{995117AE-6DFE-432F-A977-9FA4395D8471}.Release|x64.ActiveCfg = Release|x64
		{995117AE-6DFE-432F-A977-9FA4395D8471}.Release|x64.Build.0 = Release|x64
		{995117AE-6DFE-432F-A977-9FA4395D8471}.Release|x86.ActiveCfg = Release|Win32
		{995117AE-6DFE-432F-A977-9FA4395D8471}.Release|x86.Build.0 = Release|Win32
	EndGlobalSection
	GlobalSection(SolutionProperties) = preSolution
		HideSolutionNode = FALSE
	EndGlobalSection
	GlobalSection(ExtensibilityGlobals) = postSolution
		SolutionGuid = {F091D937-455C-40AA-AA9E-5B9A32FE7C71}
	EndGlobalSection
EndGlobal
